github.com/jaytaylor/html2text v0.0.0-20190408195923-01ec452cbe43 h1:jTkyeF7NZ5oIr0ESmcrpiDgAfoidCBF4F5kJhjtaRwE=
github.com/jaytaylor/html2text v0.0.0-20190408195923-01ec452cbe43/go.mod h1:CVKlgaMiht+LXvHG173ujK6JUhZXKb2u/BQtjPDIvyk=
github.com/mattn/go-runewidth v0.0.4 h1:2BvfKmzob6Bmd4YsL0zygOqfdFnK7GR4QL06Do4/p7Y=
github.com/mattn/go-runewidth v0.0.4/go.mod h1:LwmH8dsx7+W8Uxz3IHJYH5QSwggIsqBzpuz5H//U1FU=
github.com/mjl-/duit v0.0.0-20190531054125-a1c247ae783d h1:7CtQW3enJSXcCgomgb02VAxbLBI1OQHFSAphrcAGAgw=
github.com/mjl-/duit v0.0.0-20190531054125-a1c247ae783d/go.mod h1:bFhfICaBy0TLj5rskB66gdKnf0Ui1SbAGr0Bw4ear/0=
github.com/mjl-/enmime v0.0.0-20180106095911-a9cbc8bacc15 h1:6QA4RxZJZT4x94zCEVskF0HpWdFRV6VVZKDZL+E/4M8=
github.com/mjl-/enmime v0.0.0-20180106095911-a9cbc8bacc15/go.mod h1:coj3Bi95EYmAK2sa0GH667stCsXMmtW8J9pZebbThi0=
github.com/mjl-/fontawesome5 v0.0.0-20180106180447-6fe2164a46ee h1:1/PZT7W4bYJK2u1RpN/qGGPhbXrHYY6hAJrXrx+BnGE=
github.com/mjl-/fontawesome5 v0.0.0-20180106180447-6fe2164a46ee/go.mod h1:UATHDgp6IbvUTtZWXZ4I2hfHFioxjEicUL50vOEwpvw=
github.com/mjl-/go v0.0.0-20180429123528-fafada5f286e h1:M6KcUwCT34dkXLeYORteGPNguMsAaYkE/IBGKRGXFUI=
github.com/mjl-/go v0.0.0-20180429123528-fafada5f286e/go.mod h1:G+1evjukGD/lUyIfAq/sr0YX5EcukfBUeA+tFPF5JUA=
github.com/mxk/go-imap v0.0.0-20150429134902-531c36c3f12d h1:+DgqA2tuWi/8VU+gVgBAa7+WZrnFbPKhQWbKBB54cVs=
github.com/mxk/go-imap v0.0.0-20150429134902-531c36c3f12d/go.mod h1:xacC5qXZnL/ooiitVoe3BtI1OotFTqi5zICBs9J5Fyk=
github.com/olekukonko/tablewriter v0.0.1 h1:b3iUnf1v+ppJiOfNX4yxxqfWKMQPZR5yoh8urCTFX88=
github.com/olekukonko/tablewriter v0.0.1/go.mod h1:vsDQFd/mU46D+Z4whnwzcISnGGzXWMclvtLoiIKAKIo=
github.com/ssor/bom v0.0.0-20170718123548-6386211fdfcf h1:pvbZ0lM0XWPBqUKqFU8cmavspvIl9nulOYwdy6IFRRo=
github.com/ssor/bom v0.0.0-20170718123548-6386211fdfcf/go.mod h1:RJID2RhlZKId02nZ62WenDCkgHFerpIOmW0iT7GKmXM=
golang.org/x/crypto v0.0.0-20190308221718-c2843e01d9a2/go.mod h1:djNgcEr1/C05ACkg1iLfiJU5Ep61QUkGW8qpdssI0+w=
golang.org/x/net v0.0.0-20190522155817-f3200d17e092 h1:4QSRKanuywn15aTZvI/mIDEgPQpswuFndXpOj3rKEco=
golang.org/x/net v0.0.0-20190522155817-f3200d17e092/go.mod h1:HSz+uSET+XFnRR8LxR5pz3Of3rY3CfYBVs4xY44aLks=
golang.org/x/sys v0.0.0-20190215142949-d0b11bdaac8a/go.mod h1:STP8DvDyc/dI5b8T5hshtkjS+E42TnysNCUPdjciGhY=
golang.org/x/text v0.3.0/go.mod h1:NqM8EUOU14njkJ3fqMW+pc6Ldnwhi/IjpwHt7yyuwOQ=
golang.org/x/text v0.3.2 h1:tW2bmiBqwgJj/UpqtC8EpXEZVYOwU0yG4iWbprSVAcs=
golang.org/x/text v0.3.2/go.mod h1:bEr9sfX3Q8Zfm5fL9x+3itogRgK3+ptLWKqgva+5dAk=
golang.org/x/tools v0.0.0-20180917221912-90fa682c2a6e/go.mod h1:n7NCudcB/nEzxVGmLbDWY5pfWTLqBcC2KZ6jyYvM4mQ=
